{
  "lockfileVersion": 1,
  "workspaces": {
    "": {
      "name": "mandate-frontend",
      "dependencies": {
        "@tanstack/vue-query": "^5.51.15",
        "pinia": "^2.2.4",
        "vue": "^3.4.38",
        "vue-router": "^4.4.3",
      },
      "devDependencies": {
        "@types/node": "^20.14.11",
        "@vitejs/plugin-vue": "^5.2.4",
        "typescript": "^5.5.4",
        "vite": "^5.4.2",
      },
    },
  },
  "packages": {
    "@babel/helper-string-parser": ["@babel/helper-string-parser@7.27.1", "", {}, "sha512-qMlSxKbpRlAridDExk92nSobyDdpPijUq2DW6oDnUqd0iOGxmQjyqhMIihI9+zv4LPyZdRje2cavWPbCbWm3eA=="],

    "@babel/helper-validator-identifier": ["@babel/helper-validator-identifier@7.27.1", "", {}, "sha512-D2hP9eA+Sqx1kBZgzxZh0y1trbuU+JoDkiEwqhQ36nodYqJwyEIhPSdMNd7lOm/4io72luTPWH20Yda0xOuUow=="],

    "@babel/parser": ["@babel/parser@7.28.3", "", { "dependencies": { "@babel/types": "^7.28.2" }, "bin": { "parser": "bin/babel-parser.js" } }, "sha512-7+Ey1mAgYqFAx2h0RuoxcQT5+MlG3GTV0TQrgr7/ZliKsm/MNDxVVutlWaziMq7wJNAz8MTqz55XLpWvva6StA=="],

    "@babel/types": ["@babel/types@7.28.2", "", { "dependencies": { "@babel/helper-string-parser": "^7.27.1", "@babel/helper-validator-identifier": "^7.27.1" } }, "sha512-ruv7Ae4J5dUYULmeXw1gmb7rYRz57OWCPM57pHojnLq/3Z1CK2lNSLTCVjxVk1F/TZHwOZZrOWi0ur95BbLxNQ=="],

    "@esbuild/aix-ppc64": ["@esbuild/aix-ppc64@0.21.5", "", { "os": "aix", "cpu": "ppc64" }, "sha512-1SDgH6ZSPTlggy1yI6+Dbkiz8xzpHJEVAlF/AM1tHPLsf5STom9rwtjE4hKAF20FfXXNTFqEYXyJNWh1GiZedQ=="],

    "@esbuild/android-arm": ["@esbuild/android-arm@0.21.5", "", { "os": "android", "cpu": "arm" }, "sha512-vCPvzSjpPHEi1siZdlvAlsPxXl7WbOVUBBAowWug4rJHb68Ox8KualB+1ocNvT5fjv6wpkX6o/iEpbDrf68zcg=="],

    "@esbuild/android-arm64": ["@esbuild/android-arm64@0.21.5", "", { "os": "android", "cpu": "arm64" }, "sha512-c0uX9VAUBQ7dTDCjq+wdyGLowMdtR/GoC2U5IYk/7D1H1JYC0qseD7+11iMP2mRLN9RcCMRcjC4YMclCzGwS/A=="],

    "@esbuild/android-x64": ["@esbuild/android-x64@0.21.5", "", { "os": "android", "cpu": "x64" }, "sha512-D7aPRUUNHRBwHxzxRvp856rjUHRFW1SdQATKXH2hqA0kAZb1hKmi02OpYRacl0TxIGz/ZmXWlbZgjwWYaCakTA=="],

    "@esbuild/darwin-arm64": ["@esbuild/darwin-arm64@0.21.5", "", { "os": "darwin", "cpu": "arm64" }, "sha512-DwqXqZyuk5AiWWf3UfLiRDJ5EDd49zg6O9wclZ7kUMv2WRFr4HKjXp/5t8JZ11QbQfUS6/cRCKGwYhtNAY88kQ=="],

    "@esbuild/darwin-x64": ["@esbuild/darwin-x64@0.21.5", "", { "os": "darwin", "cpu": "x64" }, "sha512-se/JjF8NlmKVG4kNIuyWMV/22ZaerB+qaSi5MdrXtd6R08kvs2qCN4C09miupktDitvh8jRFflwGFBQcxZRjbw=="],

    "@esbuild/freebsd-arm64": ["@esbuild/freebsd-arm64@0.21.5", "", { "os": "freebsd", "cpu": "arm64" }, "sha512-5JcRxxRDUJLX8JXp/wcBCy3pENnCgBR9bN6JsY4OmhfUtIHe3ZW0mawA7+RDAcMLrMIZaf03NlQiX9DGyB8h4g=="],

    "@esbuild/freebsd-x64": ["@esbuild/freebsd-x64@0.21.5", "", { "os": "freebsd", "cpu": "x64" }, "sha512-J95kNBj1zkbMXtHVH29bBriQygMXqoVQOQYA+ISs0/2l3T9/kj42ow2mpqerRBxDJnmkUDCaQT/dfNXWX/ZZCQ=="],

    "@esbuild/linux-arm": ["@esbuild/linux-arm@0.21.5", "", { "os": "linux", "cpu": "arm" }, "sha512-bPb5AHZtbeNGjCKVZ9UGqGwo8EUu4cLq68E95A53KlxAPRmUyYv2D6F0uUI65XisGOL1hBP5mTronbgo+0bFcA=="],

    "@esbuild/linux-arm64": ["@esbuild/linux-arm64@0.21.5", "", { "os": "linux", "cpu": "arm64" }, "sha512-ibKvmyYzKsBeX8d8I7MH/TMfWDXBF3db4qM6sy+7re0YXya+K1cem3on9XgdT2EQGMu4hQyZhan7TeQ8XkGp4Q=="],

    "@esbuild/linux-ia32": ["@esbuild/linux-ia32@0.21.5", "", { "os": "linux", "cpu": "ia32" }, "sha512-YvjXDqLRqPDl2dvRODYmmhz4rPeVKYvppfGYKSNGdyZkA01046pLWyRKKI3ax8fbJoK5QbxblURkwK/MWY18Tg=="],

    "@esbuild/linux-loong64": ["@esbuild/linux-loong64@0.21.5", "", { "os": "linux", "cpu": "none" }, "sha512-uHf1BmMG8qEvzdrzAqg2SIG/02+4/DHB6a9Kbya0XDvwDEKCoC8ZRWI5JJvNdUjtciBGFQ5PuBlpEOXQj+JQSg=="],

    "@esbuild/linux-mips64el": ["@esbuild/linux-mips64el@0.21.5", "", { "os": "linux", "cpu": "none" }, "sha512-IajOmO+KJK23bj52dFSNCMsz1QP1DqM6cwLUv3W1QwyxkyIWecfafnI555fvSGqEKwjMXVLokcV5ygHW5b3Jbg=="],

    "@esbuild/linux-ppc64": ["@esbuild/linux-ppc64@0.21.5", "", { "os": "linux", "cpu": "ppc64" }, "sha512-1hHV/Z4OEfMwpLO8rp7CvlhBDnjsC3CttJXIhBi+5Aj5r+MBvy4egg7wCbe//hSsT+RvDAG7s81tAvpL2XAE4w=="],

    "@esbuild/linux-riscv64": ["@esbuild/linux-riscv64@0.21.5", "", { "os": "linux", "cpu": "none" }, "sha512-2HdXDMd9GMgTGrPWnJzP2ALSokE/0O5HhTUvWIbD3YdjME8JwvSCnNGBnTThKGEB91OZhzrJ4qIIxk/SBmyDDA=="],

    "@esbuild/linux-s390x": ["@esbuild/linux-s390x@0.21.5", "", { "os": "linux", "cpu": "s390x" }, "sha512-zus5sxzqBJD3eXxwvjN1yQkRepANgxE9lgOW2qLnmr8ikMTphkjgXu1HR01K4FJg8h1kEEDAqDcZQtbrRnB41A=="],

    "@esbuild/linux-x64": ["@esbuild/linux-x64@0.21.5", "", { "os": "linux", "cpu": "x64" }, "sha512-1rYdTpyv03iycF1+BhzrzQJCdOuAOtaqHTWJZCWvijKD2N5Xu0TtVC8/+1faWqcP9iBCWOmjmhoH94dH82BxPQ=="],

    "@esbuild/netbsd-x64": ["@esbuild/netbsd-x64@0.21.5", "", { "os": "none", "cpu": "x64" }, "sha512-Woi2MXzXjMULccIwMnLciyZH4nCIMpWQAs049KEeMvOcNADVxo0UBIQPfSmxB3CWKedngg7sWZdLvLczpe0tLg=="],

    "@esbuild/openbsd-x64": ["@esbuild/openbsd-x64@0.21.5", "", { "os": "openbsd", "cpu": "x64" }, "sha512-HLNNw99xsvx12lFBUwoT8EVCsSvRNDVxNpjZ7bPn947b8gJPzeHWyNVhFsaerc0n3TsbOINvRP2byTZ5LKezow=="],

    "@esbuild/sunos-x64": ["@esbuild/sunos-x64@0.21.5", "", { "os": "sunos", "cpu": "x64" }, "sha512-6+gjmFpfy0BHU5Tpptkuh8+uw3mnrvgs+dSPQXQOv3ekbordwnzTVEb4qnIvQcYXq6gzkyTnoZ9dZG+D4garKg=="],

    "@esbuild/win32-arm64": ["@esbuild/win32-arm64@0.21.5", "", { "os": "win32", "cpu": "arm64" }, "sha512-Z0gOTd75VvXqyq7nsl93zwahcTROgqvuAcYDUr+vOv8uHhNSKROyU961kgtCD1e95IqPKSQKH7tBTslnS3tA8A=="],

    "@esbuild/win32-ia32": ["@esbuild/win32-ia32@0.21.5", "", { "os": "win32", "cpu": "ia32" }, "sha512-SWXFF1CL2RVNMaVs+BBClwtfZSvDgtL//G/smwAc5oVK/UPu2Gu9tIaRgFmYFFKrmg3SyAjSrElf0TiJ1v8fYA=="],

    "@esbuild/win32-x64": ["@esbuild/win32-x64@0.21.5", "", { "os": "win32", "cpu": "x64" }, "sha512-tQd/1efJuzPC6rCFwEvLtci/xNFcTZknmXs98FYDfGE4wP9ClFV98nyKrzJKVPMhdDnjzLhdUyMX4PsQAPjwIw=="],

    "@jridgewell/sourcemap-codec": ["@jridgewell/sourcemap-codec@1.5.5", "", {}, "sha512-cYQ9310grqxueWbl+WuIUIaiUaDcj7WOq5fVhEljNVgRfOUhY9fy2zTvfoqWsnebh8Sl70VScFbICvJnLKB0Og=="],

    "@rollup/rollup-android-arm-eabi": ["@rollup/rollup-android-arm-eabi@4.46.3", "", { "os": "android", "cpu": "arm" }, "sha512-UmTdvXnLlqQNOCJnyksjPs1G4GqXNGW1LrzCe8+8QoaLhhDeTXYBgJ3k6x61WIhlHX2U+VzEJ55TtIjR/HTySA=="],

    "@rollup/rollup-android-arm64": ["@rollup/rollup-android-arm64@4.46.3", "", { "os": "android", "cpu": "arm64" }, "sha512-8NoxqLpXm7VyeI0ocidh335D6OKT0UJ6fHdnIxf3+6oOerZZc+O7r+UhvROji6OspyPm+rrIdb1gTXtVIqn+Sg=="],

    "@rollup/rollup-darwin-arm64": ["@rollup/rollup-darwin-arm64@4.46.3", "", { "os": "darwin", "cpu": "arm64" }, "sha512-csnNavqZVs1+7/hUKtgjMECsNG2cdB8F7XBHP6FfQjqhjF8rzMzb3SLyy/1BG7YSfQ+bG75Ph7DyedbUqwq1rA=="],

    "@rollup/rollup-darwin-x64": ["@rollup/rollup-darwin-x64@4.46.3", "", { "os": "darwin", "cpu": "x64" }, "sha512-r2MXNjbuYabSIX5yQqnT8SGSQ26XQc8fmp6UhlYJd95PZJkQD1u82fWP7HqvGUf33IsOC6qsiV+vcuD4SDP6iw=="],

    "@rollup/rollup-freebsd-arm64": ["@rollup/rollup-freebsd-arm64@4.46.3", "", { "os": "freebsd", "cpu": "arm64" }, "sha512-uluObTmgPJDuJh9xqxyr7MV61Imq+0IvVsAlWyvxAaBSNzCcmZlhfYcRhCdMaCsy46ccZa7vtDDripgs9Jkqsw=="],

    "@rollup/rollup-freebsd-x64": ["@rollup/rollup-freebsd-x64@4.46.3", "", { "os": "freebsd", "cpu": "x64" }, "sha512-AVJXEq9RVHQnejdbFvh1eWEoobohUYN3nqJIPI4mNTMpsyYN01VvcAClxflyk2HIxvLpRcRggpX1m9hkXkpC/A=="],

    "@rollup/rollup-linux-arm-gnueabihf": ["@rollup/rollup-linux-arm-gnueabihf@4.46.3", "", { "os": "linux", "cpu": "arm" }, "sha512-byyflM+huiwHlKi7VHLAYTKr67X199+V+mt1iRgJenAI594vcmGGddWlu6eHujmcdl6TqSNnvqaXJqZdnEWRGA=="],

    "@rollup/rollup-linux-arm-musleabihf": ["@rollup/rollup-linux-arm-musleabihf@4.46.3", "", { "os": "linux", "cpu": "arm" }, "sha512-aLm3NMIjr4Y9LklrH5cu7yybBqoVCdr4Nvnm8WB7PKCn34fMCGypVNpGK0JQWdPAzR/FnoEoFtlRqZbBBLhVoQ=="],

    "@rollup/rollup-linux-arm64-gnu": ["@rollup/rollup-linux-arm64-gnu@4.46.3", "", { "os": "linux", "cpu": "arm64" }, "sha512-VtilE6eznJRDIoFOzaagQodUksTEfLIsvXymS+UdJiSXrPW7Ai+WG4uapAc3F7Hgs791TwdGh4xyOzbuzIZrnw=="],

    "@rollup/rollup-linux-arm64-musl": ["@rollup/rollup-linux-arm64-musl@4.46.3", "", { "os": "linux", "cpu": "arm64" }, "sha512-dG3JuS6+cRAL0GQ925Vppafi0qwZnkHdPeuZIxIPXqkCLP02l7ka+OCyBoDEv8S+nKHxfjvjW4OZ7hTdHkx8/w=="],

    "@rollup/rollup-linux-loongarch64-gnu": ["@rollup/rollup-linux-loongarch64-gnu@4.46.3", "", { "os": "linux", "cpu": "none" }, "sha512-iU8DxnxEKJptf8Vcx4XvAUdpkZfaz0KWfRrnIRrOndL0SvzEte+MTM7nDH4A2Now4FvTZ01yFAgj6TX/mZl8hQ=="],

    "@rollup/rollup-linux-ppc64-gnu": ["@rollup/rollup-linux-ppc64-gnu@4.46.3", "", { "os": "linux", "cpu": "ppc64" }, "sha512-VrQZp9tkk0yozJoQvQcqlWiqaPnLM6uY1qPYXvukKePb0fqaiQtOdMJSxNFUZFsGw5oA5vvVokjHrx8a9Qsz2A=="],

    "@rollup/rollup-linux-riscv64-gnu": ["@rollup/rollup-linux-riscv64-gnu@4.46.3", "", { "os": "linux", "cpu": "none" }, "sha512-uf2eucWSUb+M7b0poZ/08LsbcRgaDYL8NCGjUeFMwCWFwOuFcZ8D9ayPl25P3pl+D2FH45EbHdfyUesQ2Lt9wA=="],

    "@rollup/rollup-linux-riscv64-musl": ["@rollup/rollup-linux-riscv64-musl@4.46.3", "", { "os": "linux", "cpu": "none" }, "sha512-7tnUcDvN8DHm/9ra+/nF7lLzYHDeODKKKrh6JmZejbh1FnCNZS8zMkZY5J4sEipy2OW1d1Ncc4gNHUd0DLqkSg=="],

    "@rollup/rollup-linux-s390x-gnu": ["@rollup/rollup-linux-s390x-gnu@4.46.3", "", { "os": "linux", "cpu": "s390x" }, "sha512-MUpAOallJim8CsJK+4Lc9tQzlfPbHxWDrGXZm2z6biaadNpvh3a5ewcdat478W+tXDoUiHwErX/dOql7ETcLqg=="],

    "@rollup/rollup-linux-x64-gnu": ["@rollup/rollup-linux-x64-gnu@4.46.3", "", { "os": "linux", "cpu": "x64" }, "sha512-F42IgZI4JicE2vM2PWCe0N5mR5vR0gIdORPqhGQ32/u1S1v3kLtbZ0C/mi9FFk7C5T0PgdeyWEPajPjaUpyoKg=="],

    "@rollup/rollup-linux-x64-musl": ["@rollup/rollup-linux-x64-musl@4.46.3", "", { "os": "linux", "cpu": "x64" }, "sha512-oLc+JrwwvbimJUInzx56Q3ujL3Kkhxehg7O1gWAYzm8hImCd5ld1F2Gry5YDjR21MNb5WCKhC9hXgU7rRlyegQ=="],

    "@rollup/rollup-win32-arm64-msvc": ["@rollup/rollup-win32-arm64-msvc@4.46.3", "", { "os": "win32", "cpu": "arm64" }, "sha512-lOrQ+BVRstruD1fkWg9yjmumhowR0oLAAzavB7yFSaGltY8klttmZtCLvOXCmGE9mLIn8IBV/IFrQOWz5xbFPg=="],

    "@rollup/rollup-win32-ia32-msvc": ["@rollup/rollup-win32-ia32-msvc@4.46.3", "", { "os": "win32", "cpu": "ia32" }, "sha512-vvrVKPRS4GduGR7VMH8EylCBqsDcw6U+/0nPDuIjXQRbHJc6xOBj+frx8ksfZAh6+Fptw5wHrN7etlMmQnPQVg=="],

    "@rollup/rollup-win32-x64-msvc": ["@rollup/rollup-win32-x64-msvc@4.46.3", "", { "os": "win32", "cpu": "x64" }, "sha512-fi3cPxCnu3ZeM3EwKZPgXbWoGzm2XHgB/WShKI81uj8wG0+laobmqy5wbgEwzstlbLu4MyO8C19FyhhWseYKNQ=="],

    "@tanstack/match-sorter-utils": ["@tanstack/match-sorter-utils@8.19.4", "", { "dependencies": { "remove-accents": "0.5.0" } }, "sha512-Wo1iKt2b9OT7d+YGhvEPD3DXvPv2etTusIMhMUoG7fbhmxcXCtIjJDEygy91Y2JFlwGyjqiBPRozme7UD8hoqg=="],

    "@tanstack/query-core": ["@tanstack/query-core@5.85.5", "", {}, "sha512-KO0WTob4JEApv69iYp1eGvfMSUkgw//IpMnq+//cORBzXf0smyRwPLrUvEe5qtAEGjwZTXrjxg+oJNP/C00t6w=="],

    "@tanstack/vue-query": ["@tanstack/vue-query@5.85.5", "", { "dependencies": { "@tanstack/match-sorter-utils": "^8.19.4", "@tanstack/query-core": "5.85.5", "@vue/devtools-api": "^6.6.3", "vue-demi": "^0.14.10" }, "peerDependencies": { "@vue/composition-api": "^1.1.2", "vue": "^2.6.0 || ^3.3.0" }, "optionalPeers": ["@vue/composition-api"] }, "sha512-f2gT08SakfnyDGW5bgwsyjqnl2pgacvNWIpyj9UchjTo1JAEYMpMBT26TzhYgRL6il2wnunxnii7DHk1Kcj9Og=="],

    "@types/estree": ["@types/estree@1.0.8", "", {}, "sha512-dWHzHa2WqEXI/O1E9OjrocMTKJl2mSrEolh1Iomrv6U+JuNwaHXsXx9bLu5gG7BUWFIN0skIQJQ/L1rIex4X6w=="],

    "@types/node": ["@types/node@20.19.11", "", { "dependencies": { "undici-types": "~6.21.0" } }, "sha512-uug3FEEGv0r+jrecvUUpbY8lLisvIjg6AAic6a2bSP5OEOLeJsDSnvhCDov7ipFFMXS3orMpzlmi0ZcuGkBbow=="],

    "@vitejs/plugin-vue": ["@vitejs/plugin-vue@5.2.4", "", { "peerDependencies": { "vite": "^5.0.0 || ^6.0.0", "vue": "^3.2.25" } }, "sha512-7Yx/SXSOcQq5HiiV3orevHUFn+pmMB4cgbEkDYgnkUWb0WfeQ/wa2yFv6D5ICiCQOVpjA7vYDXrC7AGO8yjDHA=="],

    "@vue/compiler-core": ["@vue/compiler-core@3.5.18", "", { "dependencies": { "@babel/parser": "^7.28.0", "@vue/shared": "3.5.18", "entities": "^4.5.0", "estree-walker": "^2.0.2", "source-map-js": "^1.2.1" } }, "sha512-3slwjQrrV1TO8MoXgy3aynDQ7lslj5UqDxuHnrzHtpON5CBinhWjJETciPngpin/T3OuW3tXUf86tEurusnztw=="],

    "@vue/compiler-dom": ["@vue/compiler-dom@3.5.18", "", { "dependencies": { "@vue/compiler-core": "3.5.18", "@vue/shared": "3.5.18" } }, "sha512-RMbU6NTU70++B1JyVJbNbeFkK+A+Q7y9XKE2EM4NLGm2WFR8x9MbAtWxPPLdm0wUkuZv9trpwfSlL6tjdIa1+A=="],

    "@vue/compiler-sfc": ["@vue/compiler-sfc@3.5.18", "", { "dependencies": { "@babel/parser": "^7.28.0", "@vue/compiler-core": "3.5.18", "@vue/compiler-dom": "3.5.18", "@vue/compiler-ssr": "3.5.18", "@vue/shared": "3.5.18", "estree-walker": "^2.0.2", "magic-string": "^0.30.17", "postcss": "^8.5.6", "source-map-js": "^1.2.1" } }, "sha512-5aBjvGqsWs+MoxswZPoTB9nSDb3dhd1x30xrrltKujlCxo48j8HGDNj3QPhF4VIS0VQDUrA1xUfp2hEa+FNyXA=="],

    "@vue/compiler-ssr": ["@vue/compiler-ssr@3.5.18", "", { "dependencies": { "@vue/compiler-dom": "3.5.18", "@vue/shared": "3.5.18" } }, "sha512-xM16Ak7rSWHkM3m22NlmcdIM+K4BMyFARAfV9hYFl+SFuRzrZ3uGMNW05kA5pmeMa0X9X963Kgou7ufdbpOP9g=="],

    "@vue/devtools-api": ["@vue/devtools-api@6.6.4", "", {}, "sha512-sGhTPMuXqZ1rVOk32RylztWkfXTRhuS7vgAKv0zjqk8gbsHkJ7xfFf+jbySxt7tWObEJwyKaHMikV/WGDiQm8g=="],

    "@vue/reactivity": ["@vue/reactivity@3.5.18", "", { "dependencies": { "@vue/shared": "3.5.18" } }, "sha512-x0vPO5Imw+3sChLM5Y+B6G1zPjwdOri9e8V21NnTnlEvkxatHEH5B5KEAJcjuzQ7BsjGrKtfzuQ5eQwXh8HXBg=="],

    "@vue/runtime-core": ["@vue/runtime-core@3.5.18", "", { "dependencies": { "@vue/reactivity": "3.5.18", "@vue/shared": "3.5.18" } }, "sha512-DUpHa1HpeOQEt6+3nheUfqVXRog2kivkXHUhoqJiKR33SO4x+a5uNOMkV487WPerQkL0vUuRvq/7JhRgLW3S+w=="],

    "@vue/runtime-dom": ["@vue/runtime-dom@3.5.18", "", { "dependencies": { "@vue/reactivity": "3.5.18", "@vue/runtime-core": "3.5.18", "@vue/shared": "3.5.18", "csstype": "^3.1.3" } }, "sha512-YwDj71iV05j4RnzZnZtGaXwPoUWeRsqinblgVJwR8XTXYZ9D5PbahHQgsbmzUvCWNF6x7siQ89HgnX5eWkr3mw=="],

    "@vue/server-renderer": ["@vue/server-renderer@3.5.18", "", { "dependencies": { "@vue/compiler-ssr": "3.5.18", "@vue/shared": "3.5.18" }, "peerDependencies": { "vue": "3.5.18" } }, "sha512-PvIHLUoWgSbDG7zLHqSqaCoZvHi6NNmfVFOqO+OnwvqMz/tqQr3FuGWS8ufluNddk7ZLBJYMrjcw1c6XzR12mA=="],

    "@vue/shared": ["@vue/shared@3.5.18", "", {}, "sha512-cZy8Dq+uuIXbxCZpuLd2GJdeSO/lIzIspC2WtkqIpje5QyFbvLaI5wZtdUjLHjGZrlVX6GilejatWwVYYRc8tA=="],

    "csstype": ["csstype@3.1.3", "", {}, "sha512-M1uQkMl8rQK/szD0LNhtqxIPLpimGm8sOBwU7lLnCpSbTyY3yeU1Vc7l4KT5zT4s/yOxHH5O7tIuuLOCnLADRw=="],

    "entities": ["entities@4.5.0", "", {}, "sha512-V0hjH4dGPh9Ao5p0MoRY6BVqtwCjhz6vI5LT8AJ55H+4g9/4vbHx1I54fS0XuclLhDHArPQCiMjDxjaL8fPxhw=="],

    "esbuild": ["esbuild@0.21.5", "", { "optionalDependencies": { "@esbuild/aix-ppc64": "0.21.5", "@esbuild/android-arm": "0.21.5", "@esbuild/android-arm64": "0.21.5", "@esbuild/android-x64": "0.21.5", "@esbuild/darwin-arm64": "0.21.5", "@esbuild/darwin-x64": "0.21.5", "@esbuild/freebsd-arm64": "0.21.5", "@esbuild/freebsd-x64": "0.21.5", "@esbuild/linux-arm": "0.21.5", "@esbuild/linux-arm64": "0.21.5", "@esbuild/linux-ia32": "0.21.5", "@esbuild/linux-loong64": "0.21.5", "@esbuild/linux-mips64el": "0.21.5", "@esbuild/linux-ppc64": "0.21.5", "@esbuild/linux-riscv64": "0.21.5", "@esbuild/linux-s390x": "0.21.5", "@esbuild/linux-x64": "0.21.5", "@esbuild/netbsd-x64": "0.21.5", "@esbuild/openbsd-x64": "0.21.5", "@esbuild/sunos-x64": "0.21.5", "@esbuild/win32-arm64": "0.21.5", "@esbuild/win32-ia32": "0.21.5", "@esbuild/win32-x64": "0.21.5" }, "bin": "bin/esbuild" }, "sha512-mg3OPMV4hXywwpoDxu3Qda5xCKQi+vCTZq8S9J/EpkhB2HzKXq4SNFZE3+NK93JYxc8VMSep+lOUSC/RVKaBqw=="],

    "estree-walker": ["estree-walker@2.0.2", "", {}, "sha512-Rfkk/Mp/DL7JVje3u18FxFujQlTNR2q6QfMSMB7AvCBx91NGj/ba3kCfza0f6dVDbw7YlRf/nDrn7pQrCCyQ/w=="],

    "fsevents": ["fsevents@2.3.3", "", { "os": "darwin" }, "sha512-5xoDfX+fL7faATnagmWPpbFtwh/R77WmMMqqHGS65C3vvB0YHrgF+B1YmZ3441tMj5n63k0212XNoJwzlhffQw=="],

    "magic-string": ["magic-string@0.30.17", "", { "dependencies": { "@jridgewell/sourcemap-codec": "^1.5.0" } }, "sha512-sNPKHvyjVf7gyjwS4xGTaW/mCnF8wnjtifKBEhxfZ7E/S8tQ0rssrwGNn6q8JH/ohItJfSQp9mBtQYuTlH5QnA=="],

    "nanoid": ["nanoid@3.3.11", "", { "bin": "bin/nanoid.cjs" }, "sha512-N8SpfPUnUp1bK+PMYW8qSWdl9U+wwNWI4QKxOYDy9JAro3WMX7p2OeVRF9v+347pnakNevPmiHhNmZ2HbFA76w=="],

    "picocolors": ["picocolors@1.1.1", "", {}, "sha512-xceH2snhtb5M9liqDsmEw56le376mTZkEX/jEb/RxNFyegNul7eNslCXP9FDj/Lcu0X8KEyMceP2ntpaHrDEVA=="],

    "pinia": ["pinia@2.3.1", "", { "dependencies": { "@vue/devtools-api": "^6.6.3", "vue-demi": "^0.14.10" }, "peerDependencies": { "typescript": ">=4.4.4", "vue": "^2.7.0 || ^3.5.11" } }, "sha512-khUlZSwt9xXCaTbbxFYBKDc/bWAGWJjOgvxETwkTN7KRm66EeT1ZdZj6i2ceh9sP2Pzqsbc704r2yngBrxBVug=="],

    "postcss": ["postcss@8.5.6", "", { "dependencies": { "nanoid": "^3.3.11", "picocolors": "^1.1.1", "source-map-js": "^1.2.1" } }, "sha512-3Ybi1tAuwAP9s0r1UQ2J4n5Y0G05bJkpUIO0/bI9MhwmD70S5aTWbXGBwxHrelT+XM1k6dM0pk+SwNkpTRN7Pg=="],

    "remove-accents": ["remove-accents@0.5.0", "", {}, "sha512-8g3/Otx1eJaVD12e31UbJj1YzdtVvzH85HV7t+9MJYk/u3XmkOUJ5Ys9wQrf9PCPK8+xn4ymzqYCiZl6QWKn+A=="],

    "rollup": ["rollup@4.46.3", "", { "dependencies": { "@types/estree": "1.0.8" }, "optionalDependencies": { "@rollup/rollup-android-arm-eabi": "4.46.3", "@rollup/rollup-android-arm64": "4.46.3", "@rollup/rollup-darwin-arm64": "4.46.3", "@rollup/rollup-darwin-x64": "4.46.3", "@rollup/rollup-freebsd-arm64": "4.46.3", "@rollup/rollup-freebsd-x64": "4.46.3", "@rollup/rollup-linux-arm-gnueabihf": "4.46.3", "@rollup/rollup-linux-arm-musleabihf": "4.46.3", "@rollup/rollup-linux-arm64-gnu": "4.46.3", "@rollup/rollup-linux-arm64-musl": "4.46.3", "@rollup/rollup-linux-loongarch64-gnu": "4.46.3", "@rollup/rollup-linux-ppc64-gnu": "4.46.3", "@rollup/rollup-linux-riscv64-gnu": "4.46.3", "@rollup/rollup-linux-riscv64-musl": "4.46.3", "@rollup/rollup-linux-s390x-gnu": "4.46.3", "@rollup/rollup-linux-x64-gnu": "4.46.3", "@rollup/rollup-linux-x64-musl": "4.46.3", "@rollup/rollup-win32-arm64-msvc": "4.46.3", "@rollup/rollup-win32-ia32-msvc": "4.46.3", "@rollup/rollup-win32-x64-msvc": "4.46.3", "fsevents": "~2.3.2" }, "bin": "dist/bin/rollup" }, "sha512-RZn2XTjXb8t5g13f5YclGoilU/kwT696DIkY3sywjdZidNSi3+vseaQov7D7BZXVJCPv3pDWUN69C78GGbXsKw=="],

    "source-map-js": ["source-map-js@1.2.1", "", {}, "sha512-UXWMKhLOwVKb728IUtQPXxfYU+usdybtUrK/8uGE8CQMvrhOpwvzDBwj0QhSL7MQc7vIsISBG8VQ8+IDQxpfQA=="],

    "typescript": ["typescript@5.9.2", "", { "bin": { "tsc": "bin/tsc", "tsserver": "bin/tsserver" } }, "sha512-CWBzXQrc/qOkhidw1OzBTQuYRbfyxDXJMVJ1XNwUHGROVmuaeiEm3OslpZ1RV96d7SKKjZKrSJu3+t/xlw3R9A=="],

    "undici-types": ["undici-types@6.21.0", "", {}, "sha512-iwDZqg0QAGrg9Rav5H4n0M64c3mkR59cJ6wQp+7C4nI0gsmExaedaYLNO44eT4AtBBwjbTiGPMlt2Md0T9H9JQ=="],

    "vite": ["vite@5.4.19", "", { "dependencies": { "esbuild": "^0.21.3", "postcss": "^8.4.43", "rollup": "^4.20.0" }, "optionalDependencies": { "fsevents": "~2.3.3" }, "peerDependencies": { "@types/node": "^18.0.0 || >=20.0.0", "less": "*", "lightningcss": "^1.21.0", "sass": "*", "sass-embedded": "*", "stylus": "*", "sugarss": "*", "terser": "^5.4.0" }, "optionalPeers": ["less", "lightningcss", "sass", "sass-embedded", "stylus", "sugarss", "terser"], "bin": "bin/vite.js" }, "sha512-qO3aKv3HoQC8QKiNSTuUM1l9o/XX3+c+VTgLHbJWHZGeTPVAg2XwazI9UWzoxjIJCGCV2zU60uqMzjeLZuULqA=="],

    "vue": ["vue@3.5.18", "", { "dependencies": { "@vue/compiler-dom": "3.5.18", "@vue/compiler-sfc": "3.5.18", "@vue/runtime-dom": "3.5.18", "@vue/server-renderer": "3.5.18", "@vue/shared": "3.5.18" }, "peerDependencies": { "typescript": "*" } }, "sha512-7W4Y4ZbMiQ3SEo+m9lnoNpV9xG7QVMLa+/0RFwwiAVkeYoyGXqWE85jabU4pllJNUzqfLShJ5YLptewhCWUgNA=="],

    "vue-demi": ["vue-demi@0.14.10", "", { "peerDependencies": { "@vue/composition-api": "^1.0.0-rc.1", "vue": "^3.0.0-0 || ^2.6.0" }, "optionalPeers": ["@vue/composition-api"], "bin": { "vue-demi-fix": "bin/vue-demi-fix.js", "vue-demi-switch": "bin/vue-demi-switch.js" } }, "sha512-nMZBOwuzabUO0nLgIcc6rycZEebF6eeUfaiQx9+WSk8e29IbLvPU9feI6tqW4kTo3hvoYAJkMh8n8D0fuISphg=="],

    "vue-router": ["vue-router@4.5.1", "", { "dependencies": { "@vue/devtools-api": "^6.6.4" }, "peerDependencies": { "vue": "^3.2.0" } }, "sha512-ogAF3P97NPm8fJsE4by9dwSYtDwXIY1nFY9T6DyQnGHd1E2Da94w9JIolpe42LJGIl0DwOHBi8TcRPlPGwbTtw=="],
  }
}
